
Microsoft Visual Studio Solution File, Format Version 12.00
# Visual Studio Version 17
VisualStudioVersion = 17.14.36414.22 d17.14
MinimumVisualStudioVersion = 10.0.40219.1
Project("{FAE04EC0-301F-11D3-BF4B-00C04F79EFBC}") = "TodoList", "TodoList.csproj", "{5EB78B37-ED1F-4822-985F-B8CD9A61B34D}"
EndProject
Global
	GlobalSection(SolutionConfigurationPlatforms) = preSolution
		Debug|Any CPU = Debug|Any CPU
		Release|Any CPU = Release|Any CPU
	EndGlobalSection
	GlobalSection(ProjectConfigurationPlatforms) = postSolution
		{5EB78B37-ED1F-4822-985F-B8CD9A61B34D}.Debug|Any CPU.ActiveCfg = Debug|Any CPU
		{5EB78B37-ED1F-4822-985F-B8CD9A61B34D}.Debug|Any CPU.Build.0 = Debug|Any CPU
		{5EB78B37-ED1F-4822-985F-B8CD9A61B34D}.Release|Any CPU.ActiveCfg = Release|Any CPU
		{5EB78B37-ED1F-4822-985F-B8CD9A61B34D}.Release|Any CPU.Build.0 = Release|Any CPU
	EndGlobalSection
	GlobalSection(SolutionProperties) = preSolution
		HideSolutionNode = FALSE
	EndGlobalSection
	GlobalSection(ExtensibilityGlobals) = postSolution
		SolutionGuid = {5B30E23F-CC3C-4C06-B815-E4E8CB9BAFBB}
	EndGlobalSection
EndGlobal
